
Microsoft Visual Studio Solution File, Format Version 12.00
# Visual Studio Express 2013 for Web
VisualStudioVersion = 12.0.40629.0
MinimumVisualStudioVersion = 10.0.40219.1
Project("{FAE04EC0-301F-11D3-BF4B-00C04F79EFBC}") = "Idento.Core", "src\Idento.Core\Idento.Core.csproj", "{F67470B7-9EB3-4C9C-9A9C-5F3D08EEF109}"
EndProject
Project("{2150E333-8FDC-42A3-9474-1A3956D46DE8}") = ".nuget", ".nuget", "{9BD7333A-7FBF-4F07-8DC0-6148D1D09746}"
	ProjectSection(SolutionItems) = preProject
		.nuget\NuGet.Config = .nuget\NuGet.Config
		.nuget\NuGet.exe = .nuget\NuGet.exe
		.nuget\NuGet.targets = .nuget\NuGet.targets
	EndProjectSection
EndProject
Project("{FAE04EC0-301F-11D3-BF4B-00C04F79EFBC}") = "Idento.Domain", "src\Idento.Domain\Idento.Domain.csproj", "{B235005C-B6CF-419D-9310-283B5122D83B}"
EndProject
Project("{2150E333-8FDC-42A3-9474-1A3956D46DE8}") = "src", "src", "{D678944F-1E60-44B3-93C0-0C1511896AB4}"
	ProjectSection(SolutionItems) = preProject
		src\GlobalAssemblyInfo.cs = src\GlobalAssemblyInfo.cs
	EndProjectSection
EndProject
Project("{2150E333-8FDC-42A3-9474-1A3956D46DE8}") = "test", "test", "{7AD0E304-4739-4F25-BC41-56E40C2DD6CB}"
EndProject
Project("{2150E333-8FDC-42A3-9474-1A3956D46DE8}") = "samples", "samples", "{796D9389-3DC6-49D2-B331-9B2C5273A3FA}"
EndProject
Project("{FAE04EC0-301F-11D3-BF4B-00C04F79EFBC}") = "Idento.HostSample", "samples\Idento.HostSample\Idento.HostSample.csproj", "{2D66BC16-8508-46EC-BC26-099DDE134147}"
EndProject
Project("{2150E333-8FDC-42A3-9474-1A3956D46DE8}") = "Solution Items", "Solution Items", "{452A8BBE-7930-42E0-8AD4-8C7A4EA9DC5E}"
	ProjectSection(SolutionItems) = preProject
		README.md = README.md
	EndProjectSection
EndProject
Project("{FAE04EC0-301F-11D3-BF4B-00C04F79EFBC}") = "Idento.Api", "src\Idento.Api\Idento.Api.csproj", "{0D5686B7-5720-49DE-8E51-5D16EDC137C8}"
EndProject
Project("{FAE04EC0-301F-11D3-BF4B-00C04F79EFBC}") = "Idento.Configuration", "src\Idento.Configuration\Idento.Configuration.csproj", "{A10DA3E8-FA7B-49F0-8380-CE194A842F93}"
EndProject
Global
	GlobalSection(SolutionConfigurationPlatforms) = preSolution
		Debug|Any CPU = Debug|Any CPU
		Release|Any CPU = Release|Any CPU
	EndGlobalSection
	GlobalSection(ProjectConfigurationPlatforms) = postSolution
		{F67470B7-9EB3-4C9C-9A9C-5F3D08EEF109}.Debug|Any CPU.ActiveCfg = Debug|Any CPU
		{F67470B7-9EB3-4C9C-9A9C-5F3D08EEF109}.Debug|Any CPU.Build.0 = Debug|Any CPU
		{F67470B7-9EB3-4C9C-9A9C-5F3D08EEF109}.Release|Any CPU.ActiveCfg = Release|Any CPU
		{F67470B7-9EB3-4C9C-9A9C-5F3D08EEF109}.Release|Any CPU.Build.0 = Release|Any CPU
		{B235005C-B6CF-419D-9310-283B5122D83B}.Debug|Any CPU.ActiveCfg = Debug|Any CPU
		{B235005C-B6CF-419D-9310-283B5122D83B}.Debug|Any CPU.Build.0 = Debug|Any CPU
		{B235005C-B6CF-419D-9310-283B5122D83B}.Release|Any CPU.ActiveCfg = Release|Any CPU
		{B235005C-B6CF-419D-9310-283B5122D83B}.Release|Any CPU.Build.0 = Release|Any CPU
		{2D66BC16-8508-46EC-BC26-099DDE134147}.Debug|Any CPU.ActiveCfg = Debug|Any CPU
		{2D66BC16-8508-46EC-BC26-099DDE134147}.Debug|Any CPU.Build.0 = Debug|Any CPU
		{2D66BC16-8508-46EC-BC26-099DDE134147}.Release|Any CPU.ActiveCfg = Release|Any CPU
		{2D66BC16-8508-46EC-BC26-099DDE134147}.Release|Any CPU.Build.0 = Release|Any CPU
		{0D5686B7-5720-49DE-8E51-5D16EDC137C8}.Debug|Any CPU.ActiveCfg = Debug|Any CPU
		{0D5686B7-5720-49DE-8E51-5D16EDC137C8}.Debug|Any CPU.Build.0 = Debug|Any CPU
		{0D5686B7-5720-49DE-8E51-5D16EDC137C8}.Release|Any CPU.ActiveCfg = Release|Any CPU
		{0D5686B7-5720-49DE-8E51-5D16EDC137C8}.Release|Any CPU.Build.0 = Release|Any CPU
		{A10DA3E8-FA7B-49F0-8380-CE194A842F93}.Debug|Any CPU.ActiveCfg = Debug|Any CPU
		{A10DA3E8-FA7B-49F0-8380-CE194A842F93}.Debug|Any CPU.Build.0 = Debug|Any CPU
		{A10DA3E8-FA7B-49F0-8380-CE194A842F93}.Release|Any CPU.ActiveCfg = Release|Any CPU
		{A10DA3E8-FA7B-49F0-8380-CE194A842F93}.Release|Any CPU.Build.0 = Release|Any CPU
	EndGlobalSection
	GlobalSection(SolutionProperties) = preSolution
		HideSolutionNode = FALSE
	EndGlobalSection
	GlobalSection(NestedProjects) = preSolution
		{F67470B7-9EB3-4C9C-9A9C-5F3D08EEF109} = {D678944F-1E60-44B3-93C0-0C1511896AB4}
		{B235005C-B6CF-419D-9310-283B5122D83B} = {D678944F-1E60-44B3-93C0-0C1511896AB4}
		{2D66BC16-8508-46EC-BC26-099DDE134147} = {796D9389-3DC6-49D2-B331-9B2C5273A3FA}
		{0D5686B7-5720-49DE-8E51-5D16EDC137C8} = {D678944F-1E60-44B3-93C0-0C1511896AB4}
		{A10DA3E8-FA7B-49F0-8380-CE194A842F93} = {D678944F-1E60-44B3-93C0-0C1511896AB4}
	EndGlobalSection
EndGlobal
