
Microsoft Visual Studio Solution File, Format Version 12.00
# Visual Studio 14
VisualStudioVersion = 14.0.24720.0
MinimumVisualStudioVersion = 10.0.40219.1
Project("{2150E333-8FDC-42A3-9474-1A3956D46DE8}") = "src", "src", "{FFA07D98-13B1-4ADF-865D-9D7FADB5526E}"
EndProject
Project("{2150E333-8FDC-42A3-9474-1A3956D46DE8}") = "Solution Items", "Solution Items", "{FBA7330B-8F43-4B0E-8619-735D787AA727}"
	ProjectSection(SolutionItems) = preProject
		global.json = global.json
	EndProjectSection
EndProject
Project("{8BB2217D-0F2D-49D1-97BC-3654ED321F3B}") = "Idento", "src\Idento\Idento.xproj", "{7658AE8B-7D5C-4536-82A9-1A83C0A4CDC8}"
EndProject
Project("{8BB2217D-0F2D-49D1-97BC-3654ED321F3B}") = "Idento.Domain", "src\Idento.Domain\Idento.Domain.xproj", "{6561C10A-7931-49A8-AE43-5B64706C1599}"
EndProject
Project("{8BB2217D-0F2D-49D1-97BC-3654ED321F3B}") = "Idento.Core", "src\Idento.Core\Idento.Core.xproj", "{2F8A7B8C-4661-4118-84D7-DEEDE02AEE03}"
EndProject
Project("{8BB2217D-0F2D-49D1-97BC-3654ED321F3B}") = "Idento.Configuration", "src\Idento.Configuration\Idento.Configuration.xproj", "{EB4535D4-4695-4B47-B3E0-5D6EA5A11E0F}"
EndProject
Project("{8BB2217D-0F2D-49D1-97BC-3654ED321F3B}") = "Idento.Api", "src\Idento.Api\Idento.Api.xproj", "{F775EC11-C132-4DD1-B3B6-9ACB2B447C67}"
EndProject
Global
	GlobalSection(SolutionConfigurationPlatforms) = preSolution
		Debug|Any CPU = Debug|Any CPU
		Release|Any CPU = Release|Any CPU
	EndGlobalSection
	GlobalSection(ProjectConfigurationPlatforms) = postSolution
		{7658AE8B-7D5C-4536-82A9-1A83C0A4CDC8}.Debug|Any CPU.ActiveCfg = Debug|Any CPU
		{7658AE8B-7D5C-4536-82A9-1A83C0A4CDC8}.Debug|Any CPU.Build.0 = Debug|Any CPU
		{7658AE8B-7D5C-4536-82A9-1A83C0A4CDC8}.Release|Any CPU.ActiveCfg = Release|Any CPU
		{7658AE8B-7D5C-4536-82A9-1A83C0A4CDC8}.Release|Any CPU.Build.0 = Release|Any CPU
		{6561C10A-7931-49A8-AE43-5B64706C1599}.Debug|Any CPU.ActiveCfg = Debug|Any CPU
		{6561C10A-7931-49A8-AE43-5B64706C1599}.Debug|Any CPU.Build.0 = Debug|Any CPU
		{6561C10A-7931-49A8-AE43-5B64706C1599}.Release|Any CPU.ActiveCfg = Release|Any CPU
		{6561C10A-7931-49A8-AE43-5B64706C1599}.Release|Any CPU.Build.0 = Release|Any CPU
		{2F8A7B8C-4661-4118-84D7-DEEDE02AEE03}.Debug|Any CPU.ActiveCfg = Debug|Any CPU
		{2F8A7B8C-4661-4118-84D7-DEEDE02AEE03}.Debug|Any CPU.Build.0 = Debug|Any CPU
		{2F8A7B8C-4661-4118-84D7-DEEDE02AEE03}.Release|Any CPU.ActiveCfg = Release|Any CPU
		{2F8A7B8C-4661-4118-84D7-DEEDE02AEE03}.Release|Any CPU.Build.0 = Release|Any CPU
		{EB4535D4-4695-4B47-B3E0-5D6EA5A11E0F}.Debug|Any CPU.ActiveCfg = Debug|Any CPU
		{EB4535D4-4695-4B47-B3E0-5D6EA5A11E0F}.Debug|Any CPU.Build.0 = Debug|Any CPU
		{EB4535D4-4695-4B47-B3E0-5D6EA5A11E0F}.Release|Any CPU.ActiveCfg = Release|Any CPU
		{EB4535D4-4695-4B47-B3E0-5D6EA5A11E0F}.Release|Any CPU.Build.0 = Release|Any CPU
		{F775EC11-C132-4DD1-B3B6-9ACB2B447C67}.Debug|Any CPU.ActiveCfg = Debug|Any CPU
		{F775EC11-C132-4DD1-B3B6-9ACB2B447C67}.Debug|Any CPU.Build.0 = Debug|Any CPU
		{F775EC11-C132-4DD1-B3B6-9ACB2B447C67}.Release|Any CPU.ActiveCfg = Release|Any CPU
		{F775EC11-C132-4DD1-B3B6-9ACB2B447C67}.Release|Any CPU.Build.0 = Release|Any CPU
	EndGlobalSection
	GlobalSection(SolutionProperties) = preSolution
		HideSolutionNode = FALSE
	EndGlobalSection
	GlobalSection(NestedProjects) = preSolution
		{7658AE8B-7D5C-4536-82A9-1A83C0A4CDC8} = {FFA07D98-13B1-4ADF-865D-9D7FADB5526E}
		{6561C10A-7931-49A8-AE43-5B64706C1599} = {FFA07D98-13B1-4ADF-865D-9D7FADB5526E}
		{2F8A7B8C-4661-4118-84D7-DEEDE02AEE03} = {FFA07D98-13B1-4ADF-865D-9D7FADB5526E}
		{EB4535D4-4695-4B47-B3E0-5D6EA5A11E0F} = {FFA07D98-13B1-4ADF-865D-9D7FADB5526E}
		{F775EC11-C132-4DD1-B3B6-9ACB2B447C67} = {FFA07D98-13B1-4ADF-865D-9D7FADB5526E}
	EndGlobalSection
EndGlobal
